
Microsoft Visual Studio Solution File, Format Version 12.00
# Visual Studio Version 17
VisualStudioVersion = 17.12.35506.116
MinimumVisualStudioVersion = 10.0.40219.1
Project("{FAE04EC0-301F-11D3-BF4B-00C04F79EFBC}") = "KE.Utils", "KE.Utils\KE.Utils.csproj", "{DFEF41B3-5BD3-428A-A7BA-7A490E65C71F}"
EndProject
Project("{FAE04EC0-301F-11D3-BF4B-00C04F79EFBC}") = "KE.BlackoutNDoor", "KE.BlackoutNDoor\KE.BlackoutNDoor.csproj", "{0281E12C-52C9-4728-A432-769CB191A4DC}"
EndProject
Project("{FAE04EC0-301F-11D3-BF4B-00C04F79EFBC}") = "KE.CustomRoles", "KE.CustomRoles\KE.CustomRoles.csproj", "{33CC074C-06DD-4545-91F2-F668F3C4779D}"
EndProject
Project("{FAE04EC0-301F-11D3-BF4B-00C04F79EFBC}") = "KE.GlobalEventFramework", "KE.GlobalEventFramework\KE.GlobalEventFramework.csproj", "{ED6702F7-B1E4-4522-B491-ED08B0525762}"
EndProject
Project("{FAE04EC0-301F-11D3-BF4B-00C04F79EFBC}") = "KE.GlobalEventFramework.Examples", "KE.GlobalEventFramework.Examples\KE.GlobalEventFramework.Examples.csproj", "{8A74D9F3-FB15-4BDC-84C9-2C26F9F410F8}"
EndProject
Project("{FAE04EC0-301F-11D3-BF4B-00C04F79EFBC}") = "KE.Items", "KE.Items\KE.Items.csproj", "{29C5DC23-05F9-4862-A79A-6051D5DBB575}"
EndProject
Project("{FAE04EC0-301F-11D3-BF4B-00C04F79EFBC}") = "KE.Misc", "KE.Misc\KE.Misc.csproj", "{378DD640-986B-4DA9-8C65-8D318E99E98C}"
EndProject
Project("{FAE04EC0-301F-11D3-BF4B-00C04F79EFBC}") = "KE.Map", "KE.Map\KE.Map.csproj", "{C98B7AF6-3463-4274-A63D-355AE8890921}"
EndProject
Global
	GlobalSection(SolutionConfigurationPlatforms) = preSolution
		Debug|Any CPU = Debug|Any CPU
		Release|Any CPU = Release|Any CPU
	EndGlobalSection
	GlobalSection(ProjectConfigurationPlatforms) = postSolution
		{DFEF41B3-5BD3-428A-A7BA-7A490E65C71F}.Debug|Any CPU.ActiveCfg = Debug|Any CPU
		{DFEF41B3-5BD3-428A-A7BA-7A490E65C71F}.Debug|Any CPU.Build.0 = Debug|Any CPU
		{DFEF41B3-5BD3-428A-A7BA-7A490E65C71F}.Release|Any CPU.ActiveCfg = Release|Any CPU
		{DFEF41B3-5BD3-428A-A7BA-7A490E65C71F}.Release|Any CPU.Build.0 = Release|Any CPU
		{0281E12C-52C9-4728-A432-769CB191A4DC}.Debug|Any CPU.ActiveCfg = Debug|Any CPU
		{0281E12C-52C9-4728-A432-769CB191A4DC}.Debug|Any CPU.Build.0 = Debug|Any CPU
		{0281E12C-52C9-4728-A432-769CB191A4DC}.Release|Any CPU.ActiveCfg = Release|Any CPU
		{0281E12C-52C9-4728-A432-769CB191A4DC}.Release|Any CPU.Build.0 = Release|Any CPU
		{33CC074C-06DD-4545-91F2-F668F3C4779D}.Debug|Any CPU.ActiveCfg = Debug|Any CPU
		{33CC074C-06DD-4545-91F2-F668F3C4779D}.Debug|Any CPU.Build.0 = Debug|Any CPU
		{33CC074C-06DD-4545-91F2-F668F3C4779D}.Release|Any CPU.ActiveCfg = Release|Any CPU
		{33CC074C-06DD-4545-91F2-F668F3C4779D}.Release|Any CPU.Build.0 = Release|Any CPU
		{ED6702F7-B1E4-4522-B491-ED08B0525762}.Debug|Any CPU.ActiveCfg = Debug|Any CPU
		{ED6702F7-B1E4-4522-B491-ED08B0525762}.Debug|Any CPU.Build.0 = Debug|Any CPU
		{ED6702F7-B1E4-4522-B491-ED08B0525762}.Release|Any CPU.ActiveCfg = Release|Any CPU
		{ED6702F7-B1E4-4522-B491-ED08B0525762}.Release|Any CPU.Build.0 = Release|Any CPU
		{8A74D9F3-FB15-4BDC-84C9-2C26F9F410F8}.Debug|Any CPU.ActiveCfg = Debug|Any CPU
		{8A74D9F3-FB15-4BDC-84C9-2C26F9F410F8}.Debug|Any CPU.Build.0 = Debug|Any CPU
		{8A74D9F3-FB15-4BDC-84C9-2C26F9F410F8}.Release|Any CPU.ActiveCfg = Release|Any CPU
		{8A74D9F3-FB15-4BDC-84C9-2C26F9F410F8}.Release|Any CPU.Build.0 = Release|Any CPU
		{29C5DC23-05F9-4862-A79A-6051D5DBB575}.Debug|Any CPU.ActiveCfg = Debug|Any CPU
		{29C5DC23-05F9-4862-A79A-6051D5DBB575}.Debug|Any CPU.Build.0 = Debug|Any CPU
		{29C5DC23-05F9-4862-A79A-6051D5DBB575}.Release|Any CPU.ActiveCfg = Release|Any CPU
		{29C5DC23-05F9-4862-A79A-6051D5DBB575}.Release|Any CPU.Build.0 = Release|Any CPU
		{378DD640-986B-4DA9-8C65-8D318E99E98C}.Debug|Any CPU.ActiveCfg = Debug|Any CPU
		{378DD640-986B-4DA9-8C65-8D318E99E98C}.Debug|Any CPU.Build.0 = Debug|Any CPU
		{378DD640-986B-4DA9-8C65-8D318E99E98C}.Release|Any CPU.ActiveCfg = Release|Any CPU
		{378DD640-986B-4DA9-8C65-8D318E99E98C}.Release|Any CPU.Build.0 = Release|Any CPU
		{C98B7AF6-3463-4274-A63D-355AE8890921}.Debug|Any CPU.ActiveCfg = Debug|Any CPU
		{C98B7AF6-3463-4274-A63D-355AE8890921}.Debug|Any CPU.Build.0 = Debug|Any CPU
		{C98B7AF6-3463-4274-A63D-355AE8890921}.Release|Any CPU.ActiveCfg = Release|Any CPU
		{C98B7AF6-3463-4274-A63D-355AE8890921}.Release|Any CPU.Build.0 = Release|Any CPU
	EndGlobalSection
	GlobalSection(SolutionProperties) = preSolution
		HideSolutionNode = FALSE
	EndGlobalSection
EndGlobal
