
Microsoft Visual Studio Solution File, Format Version 12.00
# Visual Studio Version 17
VisualStudioVersion = 17.12.35506.116
MinimumVisualStudioVersion = 10.0.40219.1
Project("{FAE04EC0-301F-11D3-BF4B-00C04F79EFBC}") = "KruacentExiled", "KruacentExiled.csproj", "{AD0EAD9B-B7D2-954E-31B2-E78DC28B2D9C}"
EndProject
Global
	GlobalSection(SolutionConfigurationPlatforms) = preSolution
		Debug|Any CPU = Debug|Any CPU
		Release|Any CPU = Release|Any CPU
	EndGlobalSection
	GlobalSection(ProjectConfigurationPlatforms) = postSolution
		{AD0EAD9B-B7D2-954E-31B2-E78DC28B2D9C}.Debug|Any CPU.ActiveCfg = Debug|Any CPU
		{AD0EAD9B-B7D2-954E-31B2-E78DC28B2D9C}.Debug|Any CPU.Build.0 = Debug|Any CPU
		{AD0EAD9B-B7D2-954E-31B2-E78DC28B2D9C}.Release|Any CPU.ActiveCfg = Release|Any CPU
		{AD0EAD9B-B7D2-954E-31B2-E78DC28B2D9C}.Release|Any CPU.Build.0 = Release|Any CPU
	EndGlobalSection
	GlobalSection(SolutionProperties) = preSolution
		HideSolutionNode = FALSE
	EndGlobalSection
	GlobalSection(ExtensibilityGlobals) = postSolution
		SolutionGuid = {BA7136A3-3FCA-43C1-825B-9D126AC1D87E}
	EndGlobalSection
EndGlobal
