
Microsoft Visual Studio Solution File, Format Version 12.00
# Visual Studio Version 17
VisualStudioVersion = 17.12.35506.116
MinimumVisualStudioVersion = 10.0.40219.1
Project("{FAE04EC0-301F-11D3-BF4B-00C04F79EFBC}") = "KE.Items", "KE.Items\KE.Items.csproj", "{2FE04C4D-7FA1-4EC5-A8AF-618EDE0C037C}"
EndProject
Project("{FAE04EC0-301F-11D3-BF4B-00C04F79EFBC}") = "KE.Misc", "KE.Misc\KE.Misc.csproj", "{CD822DB2-756E-4887-93AB-2D2F16BF542C}"
EndProject
Project("{FAE04EC0-301F-11D3-BF4B-00C04F79EFBC}") = "KE.BlackoutNDoor", "KE.BlackoutNDoor\KE.BlackoutNDoor.csproj", "{C9867742-72DB-4ECA-81BF-104A27A04DB7}"
EndProject
Project("{FAE04EC0-301F-11D3-BF4B-00C04F79EFBC}") = "KE.GlobalEventFramework", "KE.GlobalEventFramework\KE.GlobalEventFramework.csproj", "{73D6C740-96DE-4965-898F-DDD5BCBF7366}"
EndProject
Project("{FAE04EC0-301F-11D3-BF4B-00C04F79EFBC}") = "KE.GlobalEventFramework.Examples", "KE.GlobalEventFramework.Examples\KE.GlobalEventFramework.Examples.csproj", "{07B92E87-F48F-4F9F-BA0E-1BCB2AF52F53}"
EndProject
Project("{FAE04EC0-301F-11D3-BF4B-00C04F79EFBC}") = "KE.CustomRoles", "KE.CustomRoles\KE.CustomRoles.csproj", "{D43DC96A-6034-45EB-B39E-6B291BD0A07C}"
EndProject
Global
	GlobalSection(SolutionConfigurationPlatforms) = preSolution
		Debug|Any CPU = Debug|Any CPU
		Release|Any CPU = Release|Any CPU
	EndGlobalSection
	GlobalSection(ProjectConfigurationPlatforms) = postSolution
		{2FE04C4D-7FA1-4EC5-A8AF-618EDE0C037C}.Debug|Any CPU.ActiveCfg = Debug|Any CPU
		{2FE04C4D-7FA1-4EC5-A8AF-618EDE0C037C}.Debug|Any CPU.Build.0 = Debug|Any CPU
		{2FE04C4D-7FA1-4EC5-A8AF-618EDE0C037C}.Release|Any CPU.ActiveCfg = Release|Any CPU
		{2FE04C4D-7FA1-4EC5-A8AF-618EDE0C037C}.Release|Any CPU.Build.0 = Release|Any CPU
		{CD822DB2-756E-4887-93AB-2D2F16BF542C}.Debug|Any CPU.ActiveCfg = Debug|Any CPU
		{CD822DB2-756E-4887-93AB-2D2F16BF542C}.Debug|Any CPU.Build.0 = Debug|Any CPU
		{CD822DB2-756E-4887-93AB-2D2F16BF542C}.Release|Any CPU.ActiveCfg = Release|Any CPU
		{CD822DB2-756E-4887-93AB-2D2F16BF542C}.Release|Any CPU.Build.0 = Release|Any CPU
		{C9867742-72DB-4ECA-81BF-104A27A04DB7}.Debug|Any CPU.ActiveCfg = Debug|Any CPU
		{C9867742-72DB-4ECA-81BF-104A27A04DB7}.Debug|Any CPU.Build.0 = Debug|Any CPU
		{C9867742-72DB-4ECA-81BF-104A27A04DB7}.Release|Any CPU.ActiveCfg = Release|Any CPU
		{C9867742-72DB-4ECA-81BF-104A27A04DB7}.Release|Any CPU.Build.0 = Release|Any CPU
		{73D6C740-96DE-4965-898F-DDD5BCBF7366}.Debug|Any CPU.ActiveCfg = Debug|Any CPU
		{73D6C740-96DE-4965-898F-DDD5BCBF7366}.Debug|Any CPU.Build.0 = Debug|Any CPU
		{73D6C740-96DE-4965-898F-DDD5BCBF7366}.Release|Any CPU.ActiveCfg = Release|Any CPU
		{73D6C740-96DE-4965-898F-DDD5BCBF7366}.Release|Any CPU.Build.0 = Release|Any CPU
		{07B92E87-F48F-4F9F-BA0E-1BCB2AF52F53}.Debug|Any CPU.ActiveCfg = Debug|Any CPU
		{07B92E87-F48F-4F9F-BA0E-1BCB2AF52F53}.Debug|Any CPU.Build.0 = Debug|Any CPU
		{07B92E87-F48F-4F9F-BA0E-1BCB2AF52F53}.Release|Any CPU.ActiveCfg = Release|Any CPU
		{07B92E87-F48F-4F9F-BA0E-1BCB2AF52F53}.Release|Any CPU.Build.0 = Release|Any CPU
		{D43DC96A-6034-45EB-B39E-6B291BD0A07C}.Debug|Any CPU.ActiveCfg = Debug|Any CPU
		{D43DC96A-6034-45EB-B39E-6B291BD0A07C}.Debug|Any CPU.Build.0 = Debug|Any CPU
		{D43DC96A-6034-45EB-B39E-6B291BD0A07C}.Release|Any CPU.ActiveCfg = Release|Any CPU
		{D43DC96A-6034-45EB-B39E-6B291BD0A07C}.Release|Any CPU.Build.0 = Release|Any CPU
	EndGlobalSection
	GlobalSection(SolutionProperties) = preSolution
		HideSolutionNode = FALSE
	EndGlobalSection
EndGlobal
